<?xml version="1.0" encoding="utf-8"?>
<Project ToolsVersion="15.0" xmlns="http://schemas.microsoft.com/developer/msbuild/2003">
  <ItemGroup>
    <ClCompile Include="C:\Users\Admin\Desktop\Universidade\CG\CG-Practical-Assignment\Engine\engine.cpp">
      <Filter>Source Files</Filter>
    </ClCompile>
    <ClCompile Include="C:\Users\Admin\Desktop\Universidade\CG\CG-Practical-Assignment\Engine\parser.cpp">
      <Filter>Source Files</Filter>
    </ClCompile>
    <ClCompile Include="C:\Users\Admin\Desktop\Universidade\CG\CG-Practical-Assignment\Engine\include\pugixml.cpp">
      <Filter>Source Files</Filter>
    </ClCompile>
    <ClCompile Include="C:\Users\Admin\Desktop\Universidade\CG\CG-Practical-Assignment\Engine\Group.cpp">
      <Filter>Source Files</Filter>
    </ClCompile>
  </ItemGroup>
  <ItemGroup>
    <ClInclude Include="C:\Users\Admin\Desktop\Universidade\CG\CG-Practical-Assignment\Engine\Group.h">
      <Filter>Header Files</Filter>
    </ClInclude>
  </ItemGroup>
  <ItemGroup>
    <CustomBuild Include="C:\Users\Admin\Desktop\Universidade\CG\CG-Practical-Assignment\Engine\CMakeLists.txt" />
  </ItemGroup>
  <ItemGroup>
    <Filter Include="Header Files">
      <UniqueIdentifier>{E50E605B-B238-31DC-8517-E056E2A833C0}</UniqueIdentifier>
    </Filter>
    <Filter Include="Source Files">
      <UniqueIdentifier>{AF7A124B-6D2C-3265-A021-F202B213FD57}</UniqueIdentifier>
    </Filter>
  </ItemGroup>
</Project>
