Microsoft Visual Studio Solution File, Format Version 12.00
# Visual Studio 15
Project("{2150E333-8FDC-42A3-9474-1A3956D46DE8}") = "CMakePredefinedTargets", "CMakePredefinedTargets", "{807D5B32-A5F8-3B50-B381-4E9D0FBCB97A}"
EndProject
Project("{8BC9CEB8-8B4A-11D0-8D11-00A0C91BC942}") = "engine", "engine.vcxproj", "{67F9F5D2-E9B1-35D1-9DC2-FECF1B9C261B}"
	ProjectSection(ProjectDependencies) = postProject
		{80B39859-DFAD-3578-81B6-32E12E225BC9} = {80B39859-DFAD-3578-81B6-32E12E225BC9}
	EndProjectSection
EndProject
Project("{8BC9CEB8-8B4A-11D0-8D11-00A0C91BC942}") = "ALL_BUILD", "ALL_BUILD.vcxproj", "{290A4741-D1A1-3180-A4FF-991884AB80E3}"
	ProjectSection(ProjectDependencies) = postProject
		{80B39859-DFAD-3578-81B6-32E12E225BC9} = {80B39859-DFAD-3578-81B6-32E12E225BC9}
		{67F9F5D2-E9B1-35D1-9DC2-FECF1B9C261B} = {67F9F5D2-E9B1-35D1-9DC2-FECF1B9C261B}
	EndProjectSection
EndProject
Project("{8BC9CEB8-8B4A-11D0-8D11-00A0C91BC942}") = "ZERO_CHECK", "ZERO_CHECK.vcxproj", "{80B39859-DFAD-3578-81B6-32E12E225BC9}"
	ProjectSection(ProjectDependencies) = postProject
	EndProjectSection
EndProject
Global
	GlobalSection(SolutionConfigurationPlatforms) = preSolution
		Debug|Win32 = Debug|Win32
		Release|Win32 = Release|Win32
		MinSizeRel|Win32 = MinSizeRel|Win32
		RelWithDebInfo|Win32 = RelWithDebInfo|Win32
	EndGlobalSection
	GlobalSection(ProjectConfigurationPlatforms) = postSolution
		{67F9F5D2-E9B1-35D1-9DC2-FECF1B9C261B}.Debug|Win32.ActiveCfg = Debug|Win32
		{67F9F5D2-E9B1-35D1-9DC2-FECF1B9C261B}.Debug|Win32.Build.0 = Debug|Win32
		{67F9F5D2-E9B1-35D1-9DC2-FECF1B9C261B}.Release|Win32.ActiveCfg = Release|Win32
		{67F9F5D2-E9B1-35D1-9DC2-FECF1B9C261B}.Release|Win32.Build.0 = Release|Win32
		{67F9F5D2-E9B1-35D1-9DC2-FECF1B9C261B}.MinSizeRel|Win32.ActiveCfg = MinSizeRel|Win32
		{67F9F5D2-E9B1-35D1-9DC2-FECF1B9C261B}.MinSizeRel|Win32.Build.0 = MinSizeRel|Win32
		{67F9F5D2-E9B1-35D1-9DC2-FECF1B9C261B}.RelWithDebInfo|Win32.ActiveCfg = RelWithDebInfo|Win32
		{67F9F5D2-E9B1-35D1-9DC2-FECF1B9C261B}.RelWithDebInfo|Win32.Build.0 = RelWithDebInfo|Win32
		{290A4741-D1A1-3180-A4FF-991884AB80E3}.Debug|Win32.ActiveCfg = Debug|Win32
		{290A4741-D1A1-3180-A4FF-991884AB80E3}.Release|Win32.ActiveCfg = Release|Win32
		{290A4741-D1A1-3180-A4FF-991884AB80E3}.MinSizeRel|Win32.ActiveCfg = MinSizeRel|Win32
		{290A4741-D1A1-3180-A4FF-991884AB80E3}.RelWithDebInfo|Win32.ActiveCfg = RelWithDebInfo|Win32
		{80B39859-DFAD-3578-81B6-32E12E225BC9}.Debug|Win32.ActiveCfg = Debug|Win32
		{80B39859-DFAD-3578-81B6-32E12E225BC9}.Debug|Win32.Build.0 = Debug|Win32
		{80B39859-DFAD-3578-81B6-32E12E225BC9}.Release|Win32.ActiveCfg = Release|Win32
		{80B39859-DFAD-3578-81B6-32E12E225BC9}.Release|Win32.Build.0 = Release|Win32
		{80B39859-DFAD-3578-81B6-32E12E225BC9}.MinSizeRel|Win32.ActiveCfg = MinSizeRel|Win32
		{80B39859-DFAD-3578-81B6-32E12E225BC9}.MinSizeRel|Win32.Build.0 = MinSizeRel|Win32
		{80B39859-DFAD-3578-81B6-32E12E225BC9}.RelWithDebInfo|Win32.ActiveCfg = RelWithDebInfo|Win32
		{80B39859-DFAD-3578-81B6-32E12E225BC9}.RelWithDebInfo|Win32.Build.0 = RelWithDebInfo|Win32
	EndGlobalSection
	GlobalSection(NestedProjects) = preSolution
		{290A4741-D1A1-3180-A4FF-991884AB80E3} = {807D5B32-A5F8-3B50-B381-4E9D0FBCB97A}
		{80B39859-DFAD-3578-81B6-32E12E225BC9} = {807D5B32-A5F8-3B50-B381-4E9D0FBCB97A}
	EndGlobalSection
	GlobalSection(ExtensibilityGlobals) = postSolution
		SolutionGuid = {605B2F93-7A36-31E8-8DC1-B32FE7F818BF}
	EndGlobalSection
	GlobalSection(ExtensibilityAddIns) = postSolution
	EndGlobalSection
EndGlobal
