<?xml version="1.0" encoding="utf-8"?>
<Project ToolsVersion="15.0" xmlns="http://schemas.microsoft.com/developer/msbuild/2003">
  <ItemGroup>
    <CustomBuild Include="C:\Users\Admin\Desktop\Universidade\CG\CG-Practical-Assignment\Engine\CMakeFiles\4846bbc4940b105d1ac1d6ec54047f2e\generate.stamp.rule">
      <Filter>CMake Rules</Filter>
    </CustomBuild>
  </ItemGroup>
  <ItemGroup>
    <Filter Include="CMake Rules">
      <UniqueIdentifier>{65AC2AD9-6C68-3B4C-9940-8EBFB4BF751E}</UniqueIdentifier>
    </Filter>
  </ItemGroup>
</Project>
